
Microsoft Visual Studio Solution File, Format Version 12.00
# Visual Studio Version 17
VisualStudioVersion = 17.3.32929.385
MinimumVisualStudioVersion = 10.0.40219.1
Project("{FAE04EC0-301F-11D3-BF4B-00C04F79EFBC}") = "WePayTest", "WePayTest\WePayTest.csproj", "{DF781B8F-E908-412A-BE5D-5F724965528F}"
EndProject
Project("{FAE04EC0-301F-11D3-BF4B-00C04F79EFBC}") = "WePayAPI", "WePayAPI\WePayAPI.csproj", "{069B2A47-A627-4356-A911-7186CCDC5A4F}"
EndProject
Project("{2150E333-8FDC-42A3-9474-1A3956D46DE8}") = "Solution Items", "Solution Items", "{395E3022-0001-434C-B5EF-A225715B239C}"
	ProjectSection(SolutionItems) = preProject
		buildspec.yml = buildspec.yml
	EndProjectSection
EndProject
Global
	GlobalSection(SolutionConfigurationPlatforms) = preSolution
		Debug|Any CPU = Debug|Any CPU
		Release|Any CPU = Release|Any CPU
	EndGlobalSection
	GlobalSection(ProjectConfigurationPlatforms) = postSolution
		{DF781B8F-E908-412A-BE5D-5F724965528F}.Debug|Any CPU.ActiveCfg = Debug|Any CPU
		{DF781B8F-E908-412A-BE5D-5F724965528F}.Debug|Any CPU.Build.0 = Debug|Any CPU
		{DF781B8F-E908-412A-BE5D-5F724965528F}.Release|Any CPU.ActiveCfg = Release|Any CPU
		{DF781B8F-E908-412A-BE5D-5F724965528F}.Release|Any CPU.Build.0 = Release|Any CPU
		{069B2A47-A627-4356-A911-7186CCDC5A4F}.Debug|Any CPU.ActiveCfg = Debug|Any CPU
		{069B2A47-A627-4356-A911-7186CCDC5A4F}.Debug|Any CPU.Build.0 = Debug|Any CPU
		{069B2A47-A627-4356-A911-7186CCDC5A4F}.Release|Any CPU.ActiveCfg = Release|Any CPU
		{069B2A47-A627-4356-A911-7186CCDC5A4F}.Release|Any CPU.Build.0 = Release|Any CPU
	EndGlobalSection
	GlobalSection(SolutionProperties) = preSolution
		HideSolutionNode = FALSE
	EndGlobalSection
	GlobalSection(ExtensibilityGlobals) = postSolution
		SolutionGuid = {8999DECB-F654-4D70-894D-28656D0E4A70}
	EndGlobalSection
EndGlobal
